lockfileVersion: '9.0'

settings:
  autoInstallPeers: false
  excludeLinksFromLockfile: false

importers:

  .:
    dependencies:
      '@furongjun1999/dsh-memory':
        specifier: ^0.4.7
        version: 0.4.7(@deepseek-ai/schemastery@3.18.2)
      '@xmanrui/dsh-im':
        specifier: ^4.21.0
        version: 4.21.0(debug@4.4.3)
      dsh-free-search:
        specifier: ^0.4.28
        version: 0.4.28
      dsh-mcp-connector:
        specifier: ^0.2.49
        version: 0.2.49(@deepseek-ai/schemastery@3.18.2)
      dsh-univer-office:
        specifier: ^0.2.14
        version: 0.2.14(@deepseek-ai/schemastery@3.18.2)
      dshmarket:
        specifier: ^1.47.0
        version: 1.47.0(@deepseek-ai/schemastery@3.18.2)

packages:

  '@deepseek-ai/cosmokit@1.8.3':
    resolution: {integrity: sha512-qBo+ronVM6Eu2WNVJXi8JcMiqZ19T9BRIpV+5qJUFPXjGH/Z0QKcQMC/IZJ7L394YTOtJgcovbk9qP0w2GsBXQ==}

  '@deepseek-ai/schemastery@3.18.2':
    resolution: {integrity: sha512-njDtZsznjYxok7KLLlHOPyuv2efdWVbSflAHgztSfbMsg+CVraEoRe2DjOCgClYv3ZCSm7WXoaUkbB/+RY7tWQ==}

  '@furongjun1999/dsh-memory@0.4.7':
    resolution: {integrity: sha512-GOETlWqLQYiFfKVvL6wqgh8qP4rSywgBGMGVR0SXBsOm1DZ5iPFjUxxzuRjin1ODQjUvdlso9TKBU1VlaSE+9g==}
    engines: {node: '>=22.19'}
    peerDependencies:
      '@deepseek-ai/cordis': '>=4.0.1'
      '@deepseek-ai/dsh-llm': '>=0.1.0-rc.6'
      '@deepseek-ai/dsh-session': '>=0.1.0-rc.6'
      '@deepseek-ai/dsh-system-prompt': '>=0.1.0-rc.6'
      '@deepseek-ai/dsh-tools': '>=0.1.0-rc.6'
      '@deepseek-ai/schemastery': '>=3.0.0'
    peerDependenciesMeta:
      '@deepseek-ai/cordis':
        optional: true
      '@deepseek-ai/dsh-llm':
        optional: true
      '@deepseek-ai/dsh-session':
        optional: true
      '@deepseek-ai/dsh-system-prompt':
        optional: true
      '@deepseek-ai/dsh-tools':
        optional: true
      '@deepseek-ai/schemastery':
        optional: true

  '@libsql/darwin-arm64@0.5.29':
    resolution: {integrity: sha512-K+2RIB1OGFPYQbfay48GakLhqf3ArcbHqPFu7EZiaUcRgFcdw8RoltsMyvbj5ix2fY0HV3Q3Ioa/ByvQdaSM0A==}
    cpu: [arm64]
    os: [darwin]

  '@libsql/darwin-x64@0.5.29':
    resolution: {integrity: sha512-OtT+KFHsKFy1R5FVadr8FJ2Bb1mghtXTyJkxv0trocq7NuHntSki1eUbxpO5ezJesDvBlqFjnWaYYY516QNLhQ==}
    cpu: [x64]
    os: [darwin]

  '@libsql/linux-arm-gnueabihf@0.5.29':
    resolution: {integrity: sha512-CD4n4zj7SJTHso4nf5cuMoWoMSS7asn5hHygsDuhRl8jjjCTT3yE+xdUvI4J7zsyb53VO5ISh4cwwOtf6k2UhQ==}
    cpu: [arm]
    os: [linux]

  '@libsql/linux-arm-musleabihf@0.5.29':
    resolution: {integrity: sha512-2Z9qBVpEJV7OeflzIR3+l5yAd4uTOLxklScYTwpZnkm2vDSGlC1PRlueLaufc4EFITkLKXK2MWBpexuNJfMVcg==}
    cpu: [arm]
    os: [linux]

  '@libsql/linux-arm64-gnu@0.5.29':
    resolution: {integrity: sha512-gURBqaiXIGGwFNEaUj8Ldk7Hps4STtG+31aEidCk5evMMdtsdfL3HPCpvys+ZF/tkOs2MWlRWoSq7SOuCE9k3w==}
    cpu: [arm64]
    os: [linux]

  '@libsql/linux-arm64-musl@0.5.29':
    resolution: {integrity: sha512-fwgYZ0H8mUkyVqXZHF3mT/92iIh1N94Owi/f66cPVNsk9BdGKq5gVpoKO+7UxaNzuEH1roJp2QEwsCZMvBLpqg==}
    cpu: [arm64]
    os: [linux]

  '@libsql/linux-x64-gnu@0.5.29':
    resolution: {integrity: sha512-y14V0vY0nmMC6G0pHeJcEarcnGU2H6cm21ZceRkacWHvQAEhAG0latQkCtoS2njFOXiYIg+JYPfAoWKbi82rkg==}
    cpu: [x64]
    os: [linux]

  '@libsql/linux-x64-musl@0.5.29':
    resolution: {integrity: sha512-gquqwA/39tH4pFl+J9n3SOMSymjX+6kZ3kWgY3b94nXFTwac9bnFNMffIomgvlFaC4ArVqMnOZD3nuJ3H3VO1w==}
    cpu: [x64]
    os: [linux]

  '@libsql/win32-x64-msvc@0.5.29':
    resolution: {integrity: sha512-4/0CvEdhi6+KjMxMaVbFM2n2Z44escBRoEYpR+gZg64DdetzGnYm8mcNLcoySaDJZNaBd6wz5DNdgRmcI4hXcg==}
    cpu: [x64]
    os: [win32]

  '@neon-rs/load@0.0.4':
    resolution: {integrity: sha512-kTPhdZyTQxB+2wpiRcFWrDcejc4JI6tkPuS7UZCG4l6Zvc5kU/gGQ/ozvHTh1XR5tS+UlfAfGuPajjzQjCiHCw==}

  '@puppeteer/browsers@3.2.2':
    resolution: {integrity: sha512-q2BU4YfO9h/Wt7IcWPcggpOOqLk2Tbs1hDwolvKZrweRjy751OJBKMN9zO5bfD0pzU7X/tvKw/exQds4pM/LOg==}
    engines: {node: '>=22.12.0'}
    hasBin: true
    peerDependencies:
      proxy-agent: '>=8.0.1'
      yauzl: ^2.10.0 || ^3.4.0
    peerDependenciesMeta:
      proxy-agent:
        optional: true
      yauzl:
        optional: true

  '@standard-schema/spec@1.1.0':
    resolution: {integrity: sha512-l2aFy5jALhniG5HgqrD6jXLi/rUWrKvqN/qJx6yoJsgKhblVd+iqqU4RCXavm/jPityDo5TCvKMnpjKnOriy0w==}

  '@tencent-connect/qqbot-connector@1.2.0':
    resolution: {integrity: sha512-FAOUCvgxP4M9UiYbHrtVgJ7BavSlh1CHJPjeEQuTAkP9MZ91lX4yATqv6I/lB9yp15nVq+G2DaGSSJwQTSoSsA==}
    engines: {node: '>=18.0.0'}

  '@tencent-connect/qqbot-nodejs@1.0.4':
    resolution: {integrity: sha512-gU5HySLplczZXMUjM7NtiUACY7YfX9YlI/R9PKzCLMgLmHvwsX9L2sitsrYPMentGUr9b8NLfSaSTsndF77NBA==}
    engines: {node: '>=18'}
    peerDependencies:
      mpg123-decoder: ^1.0.3
      silk-wasm: ^3.7.1
    peerDependenciesMeta:
      mpg123-decoder:
        optional: true
      silk-wasm:
        optional: true

  '@univerjs-pro/cli-assets@0.1.0':
    resolution: {integrity: sha512-LWgwulcNkL4lnaosAyPwTssgtih52FCgGfMt7k6QRWz1scRakjNp++3souMaIxbzxXjIPXSJmwwXiNCsWnBMCA==}

  '@univerjs-pro/engine-formula-rust-binding-darwin-arm64@1.0.0-insiders.20260829-2e3c387':
    resolution: {integrity: sha512-31GP3q3hBXDQvtCHDBsXU7HqTEfxZTY6fJyMoyf5eEUldSZ7M9/Bzc1UmUpD+LRZvafq/z4Ud5MrLdKW8Rv50g==}
    cpu: [arm64]
    os: [darwin]

  '@univerjs-pro/engine-formula-rust-binding-linux-arm64-gnu@1.0.0-insiders.20260829-2e3c387':
    resolution: {integrity: sha512-FgYnbBQkSOFcc6z3+pg2LlPXKpdZTE/gTXq20ZMAgGeq0E1inPvHtbPMsdMeEiRmICVV2CCs+TdtxNQRMXvG+A==}
    cpu: [arm64]
    os: [linux]
    libc: [glibc]

  '@univerjs-pro/engine-formula-rust-binding-linux-x64-gnu@1.0.0-insiders.20260829-2e3c387':
    resolution: {integrity: sha512-9I/Yzc8ZL1Tq6OG7dutV1UvmwCR8CLR6k1VwSSx6t/JskfJy2IPP/Q1r3qUVT5lz3Cc4Pv3azAUcvHIJ8/3s9w==}
    cpu: [x64]
    os: [linux]
    libc: [glibc]

  '@univerjs-pro/engine-formula-rust-binding-win32-x64-msvc@1.0.0-insiders.20260829-2e3c387':
    resolution: {integrity: sha512-XlAFS6bE65pDdY7Rr5L2HAikMMchZtPscdFfQVTtv6SPa/8OkO0ndFMFhlM2CckB+ueRKEsoUHBmKdQEW0gG+A==}
    cpu: [x64]
    os: [win32]

  '@univerjs-pro/engine-formula-rust-binding@1.0.0-insiders.20260829-2e3c387':
    resolution: {integrity: sha512-2A9Okfy4bKjB4x3NO9BG9uMP5uWG5ToSiZy3Spmkl84hH8/NbJ1B2V1SLZwWehUh3C1epfE5UEYicmPeM9n9aw==}

  '@univerjs-pro/exchange-node-binding-darwin-arm64@0.1.1':
    resolution: {integrity: sha512-AjYNE3HBU08snieqmACmKDE0Vybqj1qvXxOUVPYKSrqnDJR7lh098oCeje/PiF7hMkucwkiB6a5jAJlGj1RAfw==}
    cpu: [arm64]
    os: [darwin]

  '@univerjs-pro/exchange-node-binding-linux-arm64-gnu@0.1.1':
    resolution: {integrity: sha512-SuMMVPI/ms2rQtzZAA7/0f8R61vtP17nenho6DocekyLVpwRGzDrtZFvcecwCcjy31OwaPzunufr8N/BzCe2WQ==}
    cpu: [arm64]
    os: [linux]
    libc: [glibc]

  '@univerjs-pro/exchange-node-binding-linux-x64-gnu@0.1.1':
    resolution: {integrity: sha512-Jxjoo+w2PrvTNCcVoP0klKbFvkjzAOUTQhT2MKxQ1opDx9ROENBF22lEWFel9hSPI1dmpj6DtPBVJAw9zeJTYw==}
    cpu: [x64]
    os: [linux]
    libc: [glibc]

  '@univerjs-pro/exchange-node-binding-win32-x64-msvc@0.1.1':
    resolution: {integrity: sha512-oSkbOOau/9vOIYAWj6NZ6bfqB1szn3yM1vUQe1qfA6xhdGGn848bBVhpIlq/nPnQcA1O70pzUrDBbORv1LoCDQ==}
    cpu: [x64]
    os: [win32]

  '@univerjs-pro/exchange-node-binding@0.1.1':
    resolution: {integrity: sha512-8P02leiOE8/z4SthVmPYnPGxMb9eLdjc+OqEFn4utl3bo/3T/lhSFWqvwdH9ytaZunhcwif+F54v1cA7ZUg3FQ==}

  '@wecom/aibot-node-sdk@1.0.7':
    resolution: {integrity: sha512-51w+sTqunry6GD3HFvmuh0gArMSJDFE418vyvR1wMJHj1N6DaFuGD3HuaY2fazZs3mb9FWeQFX3+vU5t0Qhwmw==}

  '@xmanrui/dsh-im@4.21.0':
    resolution: {integrity: sha512-cIv89Q01uhwEXRarjqFUJ05bHYXmb2MtyN44F9T9nHh4jgk0MKjpbvQx/u+HCSzzijYFCSRTZic81O8pzokqdA==}
    engines: {node: '>=22.19'}
    hasBin: true

  agent-base@6.0.2:
    resolution: {integrity: sha512-RZNwNclF7+MS/8bDg70amg32dyeZGZxiDuQmZxKLAlQjr3jGyLx+4Kkk58UO7D2QdgFIQCovuSuZESne6RG6XQ==}
    engines: {node: '>= 6.0.0'}

  ansi-regex@5.0.1:
    resolution: {integrity: sha512-quJQXlTSUGL2LH9SUXo8VwsY4soanhgo6LNSm84E1LBcE8s3O0wpdiRzyR9z/ZZJMlMWv37qOOb9pdJlMUEKFQ==}
    engines: {node: '>=8'}

  ansi-regex@6.3.0:
    resolution: {integrity: sha512-WpDfL7NO6j7tH88IDBNVdUJxDh9nmCteAVW9dsep846XdwF4naCBK+/tGLX3KJgcpgMRXCFlTM2hKGoK9FsdrQ==}
    engines: {node: '>=12'}

  ansi-styles@4.3.0:
    resolution: {integrity: sha512-zbB9rCJAT1rbjiVDb2hqKFHNYLxgtk8NURxZ3IZwD3F6NtxbXZQCnnSi1Lkx+IDohdPlFp222wVALIheZJQSEg==}
    engines: {node: '>=8'}

  ansi-styles@6.2.3:
    resolution: {integrity: sha512-4Dj6M28JB+oAH8kFkTLUo+a2jwOFkuqb3yucU0CANcRRUbxS0cP0nZYCGjcc3BNXwRIsUVmDGgzawme7zvJHvg==}
    engines: {node: '>=12'}

  argparse@2.0.1:
    resolution: {integrity: sha512-8+9WqebbFzpX9OR+Wa6O29asIogeRMzcGtAINdpMHHyAg10f05aSFVBbcEqGf/PXw1EjAZ+q2/bEBg3DvurK3Q==}

  asynckit@0.4.0:
    resolution: {integrity: sha512-Oei9OH4tRh0YqU3GxhX79dM/mwVgvbZJaSNaRk+bshkj0S5cfHcgYakreBjrHwatXKbz+IoIdYLxrKim2MjW0Q==}

  axios@1.20.0:
    resolution: {integrity: sha512-r8aOh8j9cGKpgQAqpzrUHnSIc6a59Y3Xf/cv8sy1DrHCkZHzQGEuoq1tARk6qSyDdtQGSDgpb9kFlruzPvrgwg==}

  call-bind-apply-helpers@1.0.2:
    resolution: {integrity: sha512-Sp1ablJ0ivDkSzjcaJdxEunN5/XvksFJ2sMBFfq6x0ryhQV/2b/KwFe21cMpmHtPOSij8K99/wSfoEuTObmuMQ==}
    engines: {node: '>= 0.4'}

  camelcase@5.3.1:
    resolution: {integrity: sha512-L28STB170nwWS63UjtlEOE3dldQApaJXZkOI1uMFfzf3rRuPegHaHesyee+YxQ+W6SvRDQV6UrdOdRiR153wJg==}
    engines: {node: '>=6'}

  chromium-bidi@17.0.2:
    resolution: {integrity: sha512-5v9GQFhTktFvotn/OFNJBmKLKRAb6n9r0bVCwf7sHgWc3/JryK0bj1nn93L3pHFrfgcsu6Be6EWsDi+1XHTGDg==}
    engines: {node: '>=20.19.0 <22.0.0 || >=22.12.0'}
    peerDependencies:
      devtools-protocol: '*'

  cliui@6.0.0:
    resolution: {integrity: sha512-t6wbgtoCXvAzst7QgXxJYqPt0usEfbgQdftEPbLL/cvv6HPE5VgvqCuAIDR0NgU52ds6rFwqrgakNLrHEjCbrQ==}

  cliui@9.0.1:
    resolution: {integrity: sha512-k7ndgKhwoQveBL+/1tqGJYNz097I7WOvwbmmU2AR5+magtbjPWQTS1C5vzGkBC8Ym8UWRzfKUzUUqFLypY4Q+w==}
    engines: {node: '>=20'}

  color-convert@2.0.1:
    resolution: {integrity: sha512-RRECPsj7iu/xb5oKYcsFHSppFNnsj/52OVTRKb4zP5onXwVF3zVmmToNcOfGC+CRDpfK/U584fMg38ZHCaElKQ==}
    engines: {node: '>=7.0.0'}

  color-name@1.1.4:
    resolution: {integrity: sha512-dOy+3AuW3a2wNbZHIuMZpTcgjGuLU/uBL/ubcZF9OXbDo8ff4O8yVp5Bf0efS8uEoYo5q4Fx7dY9OgQGXgAsQA==}

  combined-stream@1.0.8:
    resolution: {integrity: sha512-FQN4MRfuJeHf7cBbBMJFXhKSDq+2kAArBlmRBvcvFE5BB1HZKXtSFASDhdlz9zOYwxh8lDdnvmMOe/+5cdoEdg==}
    engines: {node: '>= 0.8'}

  debug@4.4.3:
    resolution: {integrity: sha512-RGwwWnwQvkVfavKVt22FGLw+xYSdzARwm0ru6DhTVA3umU5hZc28V3kO4stgYryrTlLpuvgI9GiijltAjNbcqA==}
    engines: {node: '>=6.0'}
    peerDependencies:
      supports-color: '*'
    peerDependenciesMeta:
      supports-color:
        optional: true

  decamelize@1.2.0:
    resolution: {integrity: sha512-z2S+W9X73hAUUki+N+9Za2lBlun89zigOyGrsax+KUQ6wKW4ZoWpEYBkGhQjwAjjDCkWxhY0VKEhk8wzY7F5cA==}
    engines: {node: '>=0.10.0'}

  delayed-stream@1.0.0:
    resolution: {integrity: sha512-ZySD7Nf91aLB0RxL4KGrKHBXl7Eds1DAmEdcoVawXnLD7SDhpNgtuII2aAkg7a7QS41jxPSZ17p4VdGnMHk3MQ==}
    engines: {node: '>=0.4.0'}

  detect-libc@2.0.2:
    resolution: {integrity: sha512-UX6sGumvvqSaXgdKGUsgZWqcUyIXZ/vZTrlRT/iobiKhGL0zL4d3osHj3uqllWJK+i+sixDS/3COVEOFbupFyw==}
    engines: {node: '>=8'}

  devtools-protocol@0.0.1680125:
    resolution: {integrity: sha512-rVARKAvOFJCFkvgX01VLvYqKIvt+cRCqvUxIhB2oAqVGPalxk3w3sb5TUGDagpow/EFblBpm/Zl/29QA2dd+jA==}

  dijkstrajs@1.0.3:
    resolution: {integrity: sha512-qiSlmBq9+BCdCA/L46dw8Uy93mloxsPSbwnm5yrKn2vMPiy8KyAskTF6zuV/j5BMsmOGZDPs7KjU+mjb670kfA==}

  dingtalk-stream@2.1.4:
    resolution: {integrity: sha512-rgQbXLGWfASuB9onFcqXTnRSj4ZotimhBOnzrB4kS19AaU9lshXiuofs1GAYcKh5uzPWCAuEs3tMtiadTQWP4A==}

  dsh-free-search@0.4.28:
    resolution: {integrity: sha512-USN/rV/Yf1LjrHWFMn8RT6MBuugu5sYCjbG+MKgg6jd4FCqDmi47V4SnD+8fjJ43XZHXc0D5b+QejL2hj3WhWQ==}
    engines: {node: '>=20'}
    peerDependencies:
      '@deepseek-ai/dsh-settings': ^0.1.0-rc.7 || ^0.1.1-rc.2 || ^0.1.2-alpha.2 || ^0.1.3-alpha.2 || ^0.1.5-alpha.1
      '@deepseek-ai/dsh-tools': ^0.1.0-rc.7 || ^0.1.1-rc.2 || ^0.1.2-alpha.2 || ^0.1.3-alpha.2 || ^0.1.5-alpha.1

  dsh-mcp-connector@0.2.49:
    resolution: {integrity: sha512-a9LqC4cQ7cph3xsfgj+7mBhFFpLVhKxlAy3xELDyzBfcc4NKXpFXSQS/23YIFT/Vig+BbAux2H0l8vuncP0yCg==}
    engines: {node: '>=20'}
    hasBin: true
    peerDependencies:
      '@deepseek-ai/cordis': ^4.0.1
      '@deepseek-ai/dsh-client-ui-conversation': '*'
      '@deepseek-ai/dsh-client-ui-layout': '*'
      '@deepseek-ai/dsh-mcp-client': ^0.1.1-rc.2
      '@deepseek-ai/dsh-storage-domain': '*'
      '@deepseek-ai/schemastery': ^3.18.1
      react: ^18.2.0
      react-dom: ^18.2.0
      zod: ^4.4.0

  dsh-univer-office@0.2.14:
    resolution: {integrity: sha512-/DUy1ZnY50KVSHaxpDeXCB4HFrtlGGoC3FOM/pX2uBVu3eQWk6sEHTTHXCnAKuNLZHCzMsVW2pUwPw0s1V9UdA==}
    engines: {node: '>=22.19.0'}
    peerDependencies:
      '@deepseek-ai/cordis': ^4.0.1
      '@deepseek-ai/dsh-attachment': 0.1.1-rc.2 || 0.1.2-rc.1
      '@deepseek-ai/dsh-host-webserver': 0.1.1-rc.2 || 0.1.2-rc.1
      '@deepseek-ai/dsh-llm': 0.1.1-rc.2 || 0.1.2-rc.1
      '@deepseek-ai/dsh-session': 0.1.1-rc.2 || 0.1.2-rc.1
      '@deepseek-ai/dsh-settings': 0.1.1-rc.2 || 0.1.2-rc.1
      '@deepseek-ai/dsh-skill': 0.1.1-rc.2 || 0.1.2-rc.1
      '@deepseek-ai/dsh-tools': 0.1.1-rc.2 || 0.1.2-rc.1
      '@deepseek-ai/schemastery': ^3.18.1

  dshmarket@1.47.0:
    resolution: {integrity: sha512-pVmakGEyZajwoDwXh7jGfHxtHtI5LCT5/4qmzfoU4gZKYD9F34AbJTF8MdU7Hfw0fBENs/Pkb0WF3kBZEf8QVg==}
    peerDependencies:
      '@deepseek-ai/cordis': ^4.0.1
      '@deepseek-ai/dsh-settings': ^0.1.0-rc.7 || ^0.1.1-rc.2 || ^0.1.2-alpha.2
      '@deepseek-ai/schemastery': ^3.18.1
    peerDependenciesMeta:
      '@deepseek-ai/dsh-settings':
        optional: true
      '@deepseek-ai/schemastery':
        optional: true

  dunder-proto@1.0.1:
    resolution: {integrity: sha512-KIN/nDJBQRcXw0MLVhZE9iQHmG68qAVIBg9CqmUYjmQIhgij9U5MFvrqkUL5FbtyyzZuOeOt0zdeRe4UY7ct+A==}
    engines: {node: '>= 0.4'}

  emoji-regex@10.6.0:
    resolution: {integrity: sha512-toUI84YS5YmxW219erniWD0CIVOo46xGKColeNQRgOzDorgBi1v4D71/OFzgD9GO2UGKIv1C3Sp8DAn0+j5w7A==}

  emoji-regex@8.0.0:
    resolution: {integrity: sha512-MSjYzcWNOA0ewAHpz0MxpYFvwg6yjy1NG3xteoqz644VCo/RPgnr1/GGt+ic3iJTzQ8Eu3TdM14SawnVUmGE6A==}

  es-define-property@1.0.1:
    resolution: {integrity: sha512-e3nRfgfUZ4rNGL232gUgX06QNyyez04KdjFrF+LTRoOXmrOgFKDg4BCdsjW8EnT69eqdYGmRpJwiPVYNrCaW3g==}
    engines: {node: '>= 0.4'}

  es-errors@1.3.0:
    resolution: {integrity: sha512-Zf5H2Kxt2xjTvbJvP2ZWLEICxA6j+hAmMzIlypy4xcBg1vKVnx89Wy0GbS+kf5cwCVFFzdCFh2XSCFNULS6csw==}
    engines: {node: '>= 0.4'}

  es-object-atoms@1.1.2:
    resolution: {integrity: sha512-HWcBoN6NileqtSydK2FqHbS/LoDd2pqrnQHLyJzBj4kOp/ky2MWMN694xOfkK8/SnUsW2DH7EfyVlydKCsm1Zw==}
    engines: {node: '>= 0.4'}

  es-set-tostringtag@2.1.0:
    resolution: {integrity: sha512-j6vWzfrGVfyXxge+O0x5sh6cvxAog0a/4Rdd2K36zCMV5eJ+/+tOAngRO8cODMNWbVRdVlmGZQL2YS3yR8bIUA==}
    engines: {node: '>= 0.4'}

  escalade@3.2.0:
    resolution: {integrity: sha512-WUj2qlxaQtO4g6Pq5c29GTcWGDyd8itL8zTlipgECz3JesAiiOKotd8JU6otB3PACgG6xkJUyVhboMS+bje/jA==}
    engines: {node: '>=6'}

  eventemitter3@5.0.4:
    resolution: {integrity: sha512-mlsTRyGaPBjPedk6Bvw+aqbsXDtoAyAzm5MO7JgU+yVRyMQ5O8bD4Kcci7BS85f93veegeCPkL8R4GLClnjLFw==}

  find-up@4.1.0:
    resolution: {integrity: sha512-PpOwAdQ/YlXQ2vj8a3h8IipDuYRi3wceVQQGYWxNINccq40Anw7BlsEXCMbt1Zt+OLA6Fq9suIpIWD0OsnISlw==}
    engines: {node: '>=8'}

  follow-redirects@1.16.0:
    resolution: {integrity: sha512-y5rN/uOsadFT/JfYwhxRS5R7Qce+g3zG97+JrtFZlC9klX/W5hD7iiLzScI4nZqUS7DNUdhPgw4xI8W2LuXlUw==}
    engines: {node: '>=4.0'}
    peerDependencies:
      debug: '*'
    peerDependenciesMeta:
      debug:
        optional: true

  form-data@4.0.6:
    resolution: {integrity: sha512-vKatAh4SlVfgbv+YtmhiRjhEMJsYpsG1Y2rMQtR+SVSbytsSD1YGzDIcrAJmdFec88u/+VoGmxnl+80gL1tRCQ==}
    engines: {node: '>= 6'}

  function-bind@1.1.2:
    resolution: {integrity: sha512-7XHNxH7qX9xG5mIwxkhumTox/MIRNcOgDrxWsMt2pAr23WHp6MrRlN7FBSFpCpr+oVO0F744iUgR82nJMfG2SA==}

  get-caller-file@2.0.5:
    resolution: {integrity: sha512-DyFP3BM/3YHTQOCUL/w0OZHR0lpKeGrxotcHWcqNEdnltqFwXVfhEBQ94eIo34AfQpo0rGki4cyIiftY06h2Fg==}
    engines: {node: 6.* || 8.* || >= 10.*}

  get-east-asian-width@1.6.0:
    resolution: {integrity: sha512-QRbvDIbx6YklUe6RxeTeleMR0yv3cYH6PsPZHcnVn7xv7zO1BHN8r0XETu8n6Ye3Q+ahtSarc3WgtNWmehIBfA==}
    engines: {node: '>=18'}

  get-intrinsic@1.3.0:
    resolution: {integrity: sha512-9fSjSaos/fRIVIp+xSJlE6lfwhES7LNtKaCBIamHsjr2na1BiABJPo0mOjjz8GJDURarmCPGqaiVg5mfjb98CQ==}
    engines: {node: '>= 0.4'}

  get-proto@1.0.1:
    resolution: {integrity: sha512-sTSfBjoXBp89JvIKIefqw7U2CCebsc74kiY6awiGogKtoSGbgjYE/G/+l9sF3MWFPNc9IcoOC4ODfKHfxFmp0g==}
    engines: {node: '>= 0.4'}

  gopd@1.2.0:
    resolution: {integrity: sha512-ZUKRh6/kUFoAiTAtTYPZJ3hw9wNxx+BIBOijnlG9PnrJsCcSjs1wyyD6vJpaYtgnzDrKYRSqf3OO6Rfa93xsRg==}
    engines: {node: '>= 0.4'}

  has-symbols@1.1.0:
    resolution: {integrity: sha512-1cDNdwJ2Jaohmb3sg4OmKaMBwuC48sYni5HUw2DvsC8LjGTLK9h+eb1X6RyuOHe4hT0ULCW68iomhjUoKUqlPQ==}
    engines: {node: '>= 0.4'}

  has-tostringtag@1.0.2:
    resolution: {integrity: sha512-NqADB8VjPFLM2V0VvHUewwwsw0ZWBaIdgo+ieHtK3hasLz4qeCRjYcqfB6AQrBggRKppKF8L52/VqdVsO47Dlw==}
    engines: {node: '>= 0.4'}

  hasown@2.0.4:
    resolution: {integrity: sha512-T2UbfbBEF32wiepXIsMlTW9+dDYC6wMh/t/vYA4tuOMKqWz/n3vr1NFSxQiyP+zk2mXsoMA/i/7qV6LKut1t1A==}
    engines: {node: '>= 0.4'}

  https-proxy-agent@5.0.1:
    resolution: {integrity: sha512-dFcAjpTQFgoLMzC2VwU+C/CbS7uRL0lWmxDITmqm7C+7F0Odmj6s9l6alZc6AELXhrnggM2CeWSXHGOdX2YtwA==}
    engines: {node: '>= 6'}

  is-fullwidth-code-point@3.0.0:
    resolution: {integrity: sha512-zymm5+u+sCsSWyD9qNaejV3DFvhCKclKdizYaJUuHA83RLjb7nSuGnddCHGv0hk+KY7BMAlsWeK4Ueg6EV6XQg==}
    engines: {node: '>=8'}

  js-yaml@4.3.2:
    resolution: {integrity: sha512-SFNOvSJ+Dgf/9An904Yx+CgSlIPCkIpao4qo51lpee25TIRejdH3rhR4EZMGoNx3/TP3O+wzWuiTFl4sqbltzA==}
    hasBin: true

  libsql@0.5.29:
    resolution: {integrity: sha512-8lMP8iMgiBzzoNbAPQ59qdVcj6UaE/Vnm+fiwX4doX4Narook0a4GPKWBEv+CR8a1OwbfkgL18uBfBjWdF0Fzg==}
    cpu: [x64, arm64, wasm32, arm]
    os: [darwin, linux, win32]

  locate-path@5.0.0:
    resolution: {integrity: sha512-t7hw9pI+WvuwNJXwk5zVHpyhIqzg2qTlklJOf0mVxGSbe3Fp2VieZcduNYjaLDoy6p9uGpQEGWG87WpMKlNq8g==}
    engines: {node: '>=8'}

  math-intrinsics@1.1.0:
    resolution: {integrity: sha512-/IXtbwEk5HTPyEwyKX6hGkYXxM9nbj64B+ilVJnC/R6B0pH5G4V3b0pVbL7DBj4tkhBAppbQUlf6F6Xl9LHu1g==}
    engines: {node: '>= 0.4'}

  mime-db@1.52.0:
    resolution: {integrity: sha512-sPU4uV7dYlvtWJxwwxHD0PuihVNiE7TyAbQ5SWxDCB9mUYvOgroQOwYQQOKPJ8CIbE+1ETVlOoK1UC2nU3gYvg==}
    engines: {node: '>= 0.6'}

  mime-types@2.1.35:
    resolution: {integrity: sha512-ZDY+bPm5zTTF+YpCrAU9nK0UgICYPT0QtT1NZWFv4s++TNkcgVaT0g6+4R2uI4MjQjzysHB1zxuWL50hzaeXiw==}
    engines: {node: '>= 0.6'}

  mitt@3.0.1:
    resolution: {integrity: sha512-vKivATfr97l2/QBCYAkXYDbrIWPM2IIKEl7YPhjCvKlG3kE2gm+uBo6nEXK3M5/Ffh/FLpKExzOQ3JJoJGFKBw==}

  modern-tar@0.8.5:
    resolution: {integrity: sha512-snEhs+6G5Tjd4I7tLCDOaoln2RgE0bD19RzEKgvgK2hZ5VKy3MpLhLTZ2fWpXSTg4K2cyPwp+VHATFJhxfnOeA==}
    engines: {node: '>=18.0.0'}

  ms@2.1.3:
    resolution: {integrity: sha512-6FlzubTLZG3J2a/NVCAleEhjzq5oxgHyaCU9yYXvcLsvoVaHJq/s5xXI6/XXP6tz7R9xAOtHnSO/tXtF3WRTlA==}

  p-limit@2.3.0:
    resolution: {integrity: sha512-//88mFWSJx8lxCzwdAABTJL2MyWB12+eIY7MDL2SqLmAkeKU9qxRvWuSyTjm3FUmpBEMuFfckAIqEaVGUDxb6w==}
    engines: {node: '>=6'}

  p-locate@4.1.0:
    resolution: {integrity: sha512-R79ZZ/0wAxKGu3oYMlz8jy/kbhsNrS7SKZ7PxEHBgJ5+F2mtFW2fK2cOtBh1cHYkQsbzFV7I+EoRKe6Yt0oK7A==}
    engines: {node: '>=8'}

  p-try@2.2.0:
    resolution: {integrity: sha512-R4nPAVTAU0B9D35/Gk3uJf/7XYbQcyohSKdvAxIRSNghFl4e71hVoGnBNQz9cWaXxO2I10KTC+3jMdvvoKw6dQ==}
    engines: {node: '>=6'}

  path-exists@4.0.0:
    resolution: {integrity: sha512-ak9Qy5Q7jYb2Wwcey5Fpvg2KoAc/ZIhLSLOSBmRmygPsGwkVVt0fZa0qrtMz+m6tJTAHfZQ8FnmB4MG4LWy7/w==}
    engines: {node: '>=8'}

  pngjs@5.0.0:
    resolution: {integrity: sha512-40QW5YalBNfQo5yRYmiw7Yz6TKKVr3h6970B2YE+3fQpsWcrbj1PzJgxeJ19DRQjhMbKPIuMY8rFaXc8moolVw==}
    engines: {node: '>=10.13.0'}

  proxy-from-env@2.1.0:
    resolution: {integrity: sha512-cJ+oHTW1VAEa8cJslgmUZrc+sjRKgAKl3Zyse6+PV38hZe/V6Z14TbCuXcan9F9ghlz4QrFr2c92TNF82UkYHA==}
    engines: {node: '>=10'}

  puppeteer-core@25.11.0:
    resolution: {integrity: sha512-Ujym7JbxoAqanaxGcHgmTomfhC01HfDCSuGZ8Hs9boHrDjzbNVMnFRJo2KtbDT9LCRgeJoFnkn9JQZ41eEUrLw==}
    engines: {node: '>=22.12.0'}

  qrcode-terminal@0.12.0:
    resolution: {integrity: sha512-EXtzRZmC+YGmGlDFbXKxQiMZNwCLEO6BANKXG4iCtSIM0yqc/pappSx3RIKr4r0uh5JsBckOXeKrB3Iz7mdQpQ==}
    hasBin: true

  qrcode@1.5.4:
    resolution: {integrity: sha512-1ca71Zgiu6ORjHqFBDpnSMTR2ReToX4l1Au1VFLyVeBTFavzQnv5JxMFr3ukHVKpSrSA2MCk0lNJSykjUfz7Zg==}
    engines: {node: '>=10.13.0'}
    hasBin: true

  require-directory@2.1.1:
    resolution: {integrity: sha512-fGxEI7+wsG9xrvdjsrlmL22OMTTiHRwAMroiEeMgq8gzoLC/PQr7RsRDSTLUg/bZAZtF+TVIkHc6/4RIKrui+Q==}
    engines: {node: '>=0.10.0'}

  require-main-filename@2.0.0:
    resolution: {integrity: sha512-NKN5kMDylKuldxYLSUfrbo5Tuzh4hd+2E8NPPX02mZtn1VuREQToYe/ZdlJy+J3uCpfaiGF05e7B8W0iXbQHmg==}

  set-blocking@2.0.0:
    resolution: {integrity: sha512-KiKBS8AnWGEyLzofFfmvKwpdPzqiy16LvQfK3yv/fVH7Bj13/wl3JSR1J+rfgRE9q7xUJK4qvgS8raSOeLUehw==}

  string-width@4.2.3:
    resolution: {integrity: sha512-wKyQRQpjJ0sIp62ErSZdGsjMJWsap5oRNihHhu6G7JVO/9jIB6UyevL+tXuOqrng8j/cxKTWyWUwvSTriiZz/g==}
    engines: {node: '>=8'}

  string-width@7.2.0:
    resolution: {integrity: sha512-tsaTIkKW9b4N+AEj+SVA+WhJzV7/zMhcSu78mLKWSk7cXMOSHsBKFWUs0fWwq8QyK3MgJBQRX6Gbi4kYbdvGkQ==}
    engines: {node: '>=18'}

  string-width@8.2.2:
    resolution: {integrity: sha512-GaPUh5gfdrYzqeVNZvUfT23vYYxXzKYidUcnMtJg/3rxRV63EFZy3k6xfKlmfeJD0176lnUV/Usr3XcwSvFzpg==}
    engines: {node: '>=20'}

  strip-ansi@6.0.1:
    resolution: {integrity: sha512-Y38VPSHcqkFrCpFnQ9vuSXmquuv5oXOKpGeT6aGrr3o3Gc9AlVa6JBfUSOCnbxGGZF+/0ooI7KrPuUSztUdU5A==}
    engines: {node: '>=8'}

  strip-ansi@7.2.0:
    resolution: {integrity: sha512-yDPMNjp4WyfYBkHnjIRLfca1i6KMyGCtsVgoKe/z1+6vukgaENdgGBZt+ZmKPc4gavvEZ5OgHfHdrazhgNyG7w==}
    engines: {node: '>=12'}

  typed-query-selector@2.12.2:
    resolution: {integrity: sha512-EOPFbyIub4ngnEdqi2yOcNeDLaX/0jcE1JoAXQDDMIthap7FoN795lc/SHfIq2d416VufXpM8z/lD+WRm2gfOQ==}

  undici@7.29.0:
    resolution: {integrity: sha512-IDxfleLmmbSskfWSUATiN1nfn2rDuvnMOqb5CWR92iIfojA0Ud+ulOAAEQ57LPr9rWmsreUyf5lwyao+7GNNVw==}
    engines: {node: '>=20.18.1'}

  undici@7.29.1:
    resolution: {integrity: sha512-RYONW2MeafgYlkVOKYKkA/Ag7BmXqgIWCa8t1m0JcxrQg9pI9lEqRhAOruOBCbAohOa/gkCF+iPi9hrgvTzu6Q==}
    engines: {node: '>=20.18.1'}

  webdriver-bidi-protocol@0.4.3:
    resolution: {integrity: sha512-uuN0goWfxP22B7J/uAgBpOYNPttC+XVseYE+rSY5+rQ+YBeVz/VORw8WbmLVcqW78zNg5A4qnjNXYUWR3il2ig==}

  which-module@2.0.1:
    resolution: {integrity: sha512-iBdZ57RDvnOR9AGBhML2vFZf7h8vmBjhoaZqODJBFWHVtKkDmKuHai3cx5PgVMrX5YDNp27AofYbAwctSS+vhQ==}

  wrap-ansi@6.2.0:
    resolution: {integrity: sha512-r6lPcBGxZXlIcymEu7InxDMhdW0KDxpLgoFLcguasxCaJ/SOIZwINatK9KY/tf+ZrlywOKU0UDj3ATXUBfxJXA==}
    engines: {node: '>=8'}

  wrap-ansi@9.0.2:
    resolution: {integrity: sha512-42AtmgqjV+X1VpdOfyTGOYRi0/zsoLqtXQckTmqTeybT+BDIbM/Guxo7x3pE2vtpr1ok6xRqM9OpBe+Jyoqyww==}
    engines: {node: '>=18'}

  ws@8.21.3:
    resolution: {integrity: sha512-201TZ/kPWxoPr/OKWjquZR1SWKXcvxdH+e1xrx89b3YbmzLMFCLfnaG1HFIgWzJOEWZ7MvpK++odZufgYR50Rw==}
    engines: {node: '>=10.0.0'}
    peerDependencies:
      bufferutil: ^4.0.1
      utf-8-validate: '>=5.0.2'
    peerDependenciesMeta:
      bufferutil:
        optional: true
      utf-8-validate:
        optional: true

  y18n@4.0.3:
    resolution: {integrity: sha512-JKhqTOwSrqNA1NY5lSztJ1GrBiUodLMmIZuLiDaMRJ+itFd+ABVE8XBjOvIWL+rSqNDC74LCSFmlb/U4UZ4hJQ==}

  y18n@5.0.8:
    resolution: {integrity: sha512-0pfFzegeDWJHJIAmTLRP2DwHjdF5s7jo9tuztdQxAhINCdvS+3nGINqPd00AphqJR/0LhANUS6/+7SCb98YOfA==}
    engines: {node: '>=10'}

  yargs-parser@18.1.3:
    resolution: {integrity: sha512-o50j0JeToy/4K6OZcaQmW6lyXXKhq7csREXcDwk2omFPJEwUNOVtJKvmDr9EI1fAJZUyZcRF7kxGBWmRXudrCQ==}
    engines: {node: '>=6'}

  yargs-parser@22.0.0:
    resolution: {integrity: sha512-rwu/ClNdSMpkSrUb+d6BRsSkLUq1fmfsY6TOpYzTwvwkg1/NRG85KBy3kq++A8LKQwX6lsu+aWad+2khvuXrqw==}
    engines: {node: ^20.19.0 || ^22.12.0 || >=23}

  yargs@15.4.1:
    resolution: {integrity: sha512-aePbxDmcYW++PaqBsJ+HYUFwCdv4LVvdnhBy78E57PIor8/OVvhMrADFFEDh8DHDFRv/O9i3lPhsENjO7QX0+A==}
    engines: {node: '>=8'}

  yargs@18.1.0:
    resolution: {integrity: sha512-2rAgRKu54VsHkqI0/tYkmluGXHD4KW7yZoycuqDQ15QOTnc2VVfy0nN/1eMhnQLO00A+dwtK20xuCnc1YGeUyg==}
    engines: {node: ^20.19.0 || ^22.12.0 || >=23}

  zod@3.25.76:
    resolution: {integrity: sha512-gzUt/qt81nXsFGKIFcC3YnfEAx5NkunCfnDlvuBSSFS02bcXu4Lmea0AFIUwbLWxWPx3d9p8S5QoaujKcNQxcQ==}

snapshots:

  '@deepseek-ai/cosmokit@1.8.3': {}

  '@deepseek-ai/schemastery@3.18.2':
    dependencies:
      '@deepseek-ai/cosmokit': 1.8.3
      '@standard-schema/spec': 1.1.0

  '@furongjun1999/dsh-memory@0.4.7(@deepseek-ai/schemastery@3.18.2)':
    optionalDependencies:
      '@deepseek-ai/schemastery': 3.18.2

  '@libsql/darwin-arm64@0.5.29':
    optional: true

  '@libsql/darwin-x64@0.5.29':
    optional: true

  '@libsql/linux-arm-gnueabihf@0.5.29':
    optional: true

  '@libsql/linux-arm-musleabihf@0.5.29':
    optional: true

  '@libsql/linux-arm64-gnu@0.5.29':
    optional: true

  '@libsql/linux-arm64-musl@0.5.29':
    optional: true

  '@libsql/linux-x64-gnu@0.5.29':
    optional: true

  '@libsql/linux-x64-musl@0.5.29':
    optional: true

  '@libsql/win32-x64-msvc@0.5.29':
    optional: true

  '@neon-rs/load@0.0.4': {}

  '@puppeteer/browsers@3.2.2':
    dependencies:
      modern-tar: 0.8.5
      yargs: 18.1.0

  '@standard-schema/spec@1.1.0': {}

  '@tencent-connect/qqbot-connector@1.2.0':
    dependencies:
      qrcode-terminal: 0.12.0

  '@tencent-connect/qqbot-nodejs@1.0.4':
    dependencies:
      ws: 8.21.3
    transitivePeerDependencies:
      - bufferutil
      - utf-8-validate

  '@univerjs-pro/cli-assets@0.1.0': {}

  '@univerjs-pro/engine-formula-rust-binding-darwin-arm64@1.0.0-insiders.20260829-2e3c387':
    optional: true

  '@univerjs-pro/engine-formula-rust-binding-linux-arm64-gnu@1.0.0-insiders.20260829-2e3c387':
    optional: true

  '@univerjs-pro/engine-formula-rust-binding-linux-x64-gnu@1.0.0-insiders.20260829-2e3c387':
    optional: true

  '@univerjs-pro/engine-formula-rust-binding-win32-x64-msvc@1.0.0-insiders.20260829-2e3c387':
    optional: true

  '@univerjs-pro/engine-formula-rust-binding@1.0.0-insiders.20260829-2e3c387':
    optionalDependencies:
      '@univerjs-pro/engine-formula-rust-binding-darwin-arm64': 1.0.0-insiders.20260829-2e3c387
      '@univerjs-pro/engine-formula-rust-binding-linux-arm64-gnu': 1.0.0-insiders.20260829-2e3c387
      '@univerjs-pro/engine-formula-rust-binding-linux-x64-gnu': 1.0.0-insiders.20260829-2e3c387
      '@univerjs-pro/engine-formula-rust-binding-win32-x64-msvc': 1.0.0-insiders.20260829-2e3c387

  '@univerjs-pro/exchange-node-binding-darwin-arm64@0.1.1':
    optional: true

  '@univerjs-pro/exchange-node-binding-linux-arm64-gnu@0.1.1':
    optional: true

  '@univerjs-pro/exchange-node-binding-linux-x64-gnu@0.1.1':
    optional: true

  '@univerjs-pro/exchange-node-binding-win32-x64-msvc@0.1.1':
    optional: true

  '@univerjs-pro/exchange-node-binding@0.1.1':
    optionalDependencies:
      '@univerjs-pro/exchange-node-binding-darwin-arm64': 0.1.1
      '@univerjs-pro/exchange-node-binding-linux-arm64-gnu': 0.1.1
      '@univerjs-pro/exchange-node-binding-linux-x64-gnu': 0.1.1
      '@univerjs-pro/exchange-node-binding-win32-x64-msvc': 0.1.1

  '@wecom/aibot-node-sdk@1.0.7(debug@4.4.3)':
    dependencies:
      axios: 1.20.0(debug@4.4.3)
      eventemitter3: 5.0.4
      ws: 8.21.3
    transitivePeerDependencies:
      - bufferutil
      - debug
      - supports-color
      - utf-8-validate

  '@xmanrui/dsh-im@4.21.0(debug@4.4.3)':
    dependencies:
      '@tencent-connect/qqbot-connector': 1.2.0
      '@tencent-connect/qqbot-nodejs': 1.0.4
      '@wecom/aibot-node-sdk': 1.0.7(debug@4.4.3)
      dingtalk-stream: 2.1.4
      qrcode: 1.5.4
      undici: 7.29.0
    transitivePeerDependencies:
      - bufferutil
      - debug
      - mpg123-decoder
      - silk-wasm
      - supports-color
      - utf-8-validate

  agent-base@6.0.2:
    dependencies:
      debug: 4.4.3
    transitivePeerDependencies:
      - supports-color

  ansi-regex@5.0.1: {}

  ansi-regex@6.3.0: {}

  ansi-styles@4.3.0:
    dependencies:
      color-convert: 2.0.1

  ansi-styles@6.2.3: {}

  argparse@2.0.1: {}

  asynckit@0.4.0: {}

  axios@1.20.0(debug@4.4.3):
    dependencies:
      follow-redirects: 1.16.0(debug@4.4.3)
      form-data: 4.0.6
      https-proxy-agent: 5.0.1
      proxy-from-env: 2.1.0
    transitivePeerDependencies:
      - debug
      - supports-color

  call-bind-apply-helpers@1.0.2:
    dependencies:
      es-errors: 1.3.0
      function-bind: 1.1.2

  camelcase@5.3.1: {}

  chromium-bidi@17.0.2(devtools-protocol@0.0.1680125):
    dependencies:
      devtools-protocol: 0.0.1680125
      mitt: 3.0.1
      zod: 3.25.76

  cliui@6.0.0:
    dependencies:
      string-width: 4.2.3
      strip-ansi: 6.0.1
      wrap-ansi: 6.2.0

  cliui@9.0.1:
    dependencies:
      string-width: 7.2.0
      strip-ansi: 7.2.0
      wrap-ansi: 9.0.2

  color-convert@2.0.1:
    dependencies:
      color-name: 1.1.4

  color-name@1.1.4: {}

  combined-stream@1.0.8:
    dependencies:
      delayed-stream: 1.0.0

  debug@4.4.3:
    dependencies:
      ms: 2.1.3

  decamelize@1.2.0: {}

  delayed-stream@1.0.0: {}

  detect-libc@2.0.2: {}

  devtools-protocol@0.0.1680125: {}

  dijkstrajs@1.0.3: {}

  dingtalk-stream@2.1.4:
    dependencies:
      axios: 1.20.0(debug@4.4.3)
      debug: 4.4.3
      ws: 8.21.3
    transitivePeerDependencies:
      - bufferutil
      - supports-color
      - utf-8-validate

  dsh-free-search@0.4.28:
    dependencies:
      '@deepseek-ai/schemastery': 3.18.2

  dsh-mcp-connector@0.2.49(@deepseek-ai/schemastery@3.18.2):
    dependencies:
      '@deepseek-ai/schemastery': 3.18.2

  dsh-univer-office@0.2.14(@deepseek-ai/schemastery@3.18.2):
    dependencies:
      '@deepseek-ai/schemastery': 3.18.2
      '@puppeteer/browsers': 3.2.2
      '@univerjs-pro/cli-assets': 0.1.0
      '@univerjs-pro/engine-formula-rust-binding': 1.0.0-insiders.20260829-2e3c387
      '@univerjs-pro/exchange-node-binding': 0.1.1
      libsql: 0.5.29
      puppeteer-core: 25.11.0
    transitivePeerDependencies:
      - bufferutil
      - proxy-agent
      - utf-8-validate
      - yauzl

  dshmarket@1.47.0(@deepseek-ai/schemastery@3.18.2):
    dependencies:
      js-yaml: 4.3.2
      undici: 7.29.1
    optionalDependencies:
      '@deepseek-ai/schemastery': 3.18.2

  dunder-proto@1.0.1:
    dependencies:
      call-bind-apply-helpers: 1.0.2
      es-errors: 1.3.0
      gopd: 1.2.0

  emoji-regex@10.6.0: {}

  emoji-regex@8.0.0: {}

  es-define-property@1.0.1: {}

  es-errors@1.3.0: {}

  es-object-atoms@1.1.2:
    dependencies:
      es-errors: 1.3.0

  es-set-tostringtag@2.1.0:
    dependencies:
      es-errors: 1.3.0
      get-intrinsic: 1.3.0
      has-tostringtag: 1.0.2
      hasown: 2.0.4

  escalade@3.2.0: {}

  eventemitter3@5.0.4: {}

  find-up@4.1.0:
    dependencies:
      locate-path: 5.0.0
      path-exists: 4.0.0

  follow-redirects@1.16.0(debug@4.4.3):
    optionalDependencies:
      debug: 4.4.3

  form-data@4.0.6:
    dependencies:
      asynckit: 0.4.0
      combined-stream: 1.0.8
      es-set-tostringtag: 2.1.0
      hasown: 2.0.4
      mime-types: 2.1.35

  function-bind@1.1.2: {}

  get-caller-file@2.0.5: {}

  get-east-asian-width@1.6.0: {}

  get-intrinsic@1.3.0:
    dependencies:
      call-bind-apply-helpers: 1.0.2
      es-define-property: 1.0.1
      es-errors: 1.3.0
      es-object-atoms: 1.1.2
      function-bind: 1.1.2
      get-proto: 1.0.1
      gopd: 1.2.0
      has-symbols: 1.1.0
      hasown: 2.0.4
      math-intrinsics: 1.1.0

  get-proto@1.0.1:
    dependencies:
      dunder-proto: 1.0.1
      es-object-atoms: 1.1.2

  gopd@1.2.0: {}

  has-symbols@1.1.0: {}

  has-tostringtag@1.0.2:
    dependencies:
      has-symbols: 1.1.0

  hasown@2.0.4:
    dependencies:
      function-bind: 1.1.2

  https-proxy-agent@5.0.1:
    dependencies:
      agent-base: 6.0.2
      debug: 4.4.3
    transitivePeerDependencies:
      - supports-color

  is-fullwidth-code-point@3.0.0: {}

  js-yaml@4.3.2:
    dependencies:
      argparse: 2.0.1

  libsql@0.5.29:
    dependencies:
      '@neon-rs/load': 0.0.4
      detect-libc: 2.0.2
    optionalDependencies:
      '@libsql/darwin-arm64': 0.5.29
      '@libsql/darwin-x64': 0.5.29
      '@libsql/linux-arm-gnueabihf': 0.5.29
      '@libsql/linux-arm-musleabihf': 0.5.29
      '@libsql/linux-arm64-gnu': 0.5.29
      '@libsql/linux-arm64-musl': 0.5.29
      '@libsql/linux-x64-gnu': 0.5.29
      '@libsql/linux-x64-musl': 0.5.29
      '@libsql/win32-x64-msvc': 0.5.29

  locate-path@5.0.0:
    dependencies:
      p-locate: 4.1.0

  math-intrinsics@1.1.0: {}

  mime-db@1.52.0: {}

  mime-types@2.1.35:
    dependencies:
      mime-db: 1.52.0

  mitt@3.0.1: {}

  modern-tar@0.8.5: {}

  ms@2.1.3: {}

  p-limit@2.3.0:
    dependencies:
      p-try: 2.2.0

  p-locate@4.1.0:
    dependencies:
      p-limit: 2.3.0

  p-try@2.2.0: {}

  path-exists@4.0.0: {}

  pngjs@5.0.0: {}

  proxy-from-env@2.1.0: {}

  puppeteer-core@25.11.0:
    dependencies:
      '@puppeteer/browsers': 3.2.2
      chromium-bidi: 17.0.2(devtools-protocol@0.0.1680125)
      devtools-protocol: 0.0.1680125
      typed-query-selector: 2.12.2
      webdriver-bidi-protocol: 0.4.3
      ws: 8.21.3
    transitivePeerDependencies:
      - bufferutil
      - proxy-agent
      - utf-8-validate
      - yauzl

  qrcode-terminal@0.12.0: {}

  qrcode@1.5.4:
    dependencies:
      dijkstrajs: 1.0.3
      pngjs: 5.0.0
      yargs: 15.4.1

  require-directory@2.1.1: {}

  require-main-filename@2.0.0: {}

  set-blocking@2.0.0: {}

  string-width@4.2.3:
    dependencies:
      emoji-regex: 8.0.0
      is-fullwidth-code-point: 3.0.0
      strip-ansi: 6.0.1

  string-width@7.2.0:
    dependencies:
      emoji-regex: 10.6.0
      get-east-asian-width: 1.6.0
      strip-ansi: 7.2.0

  string-width@8.2.2:
    dependencies:
      get-east-asian-width: 1.6.0
      strip-ansi: 7.2.0

  strip-ansi@6.0.1:
    dependencies:
      ansi-regex: 5.0.1

  strip-ansi@7.2.0:
    dependencies:
      ansi-regex: 6.3.0

  typed-query-selector@2.12.2: {}

  undici@7.29.0: {}

  undici@7.29.1: {}

  webdriver-bidi-protocol@0.4.3: {}

  which-module@2.0.1: {}

  wrap-ansi@6.2.0:
    dependencies:
      ansi-styles: 4.3.0
      string-width: 4.2.3
      strip-ansi: 6.0.1

  wrap-ansi@9.0.2:
    dependencies:
      ansi-styles: 6.2.3
      string-width: 7.2.0
      strip-ansi: 7.2.0

  ws@8.21.3: {}

  y18n@4.0.3: {}

  y18n@5.0.8: {}

  yargs-parser@18.1.3:
    dependencies:
      camelcase: 5.3.1
      decamelize: 1.2.0

  yargs-parser@22.0.0: {}

  yargs@15.4.1:
    dependencies:
      cliui: 6.0.0
      decamelize: 1.2.0
      find-up: 4.1.0
      get-caller-file: 2.0.5
      require-directory: 2.1.1
      require-main-filename: 2.0.0
      set-blocking: 2.0.0
      string-width: 4.2.3
      which-module: 2.0.1
      y18n: 4.0.3
      yargs-parser: 18.1.3

  yargs@18.1.0:
    dependencies:
      cliui: 9.0.1
      escalade: 3.2.0
      get-caller-file: 2.0.5
      string-width: 8.2.2
      y18n: 5.0.8
      yargs-parser: 22.0.0

  zod@3.25.76: {}
